
Microsoft Visual Studio Solution File, Format Version 12.00
# Visual Studio 15
VisualStudioVersion = 15.0.28307.1972
MinimumVisualStudioVersion = 10.0.40219.1
Project("{FAE04EC0-301F-11D3-BF4B-00C04F79EFBC}") = "EmiCalcuator", "EmiCalcuator\EmiCalcuator.csproj", "{BD088E72-9895-4C13-80D3-4BE59F0815EE}"
EndProject
Global
	GlobalSection(SolutionConfigurationPlatforms) = preSolution
		Debug|Any CPU = Debug|Any CPU
		Release|Any CPU = Release|Any CPU
	EndGlobalSection
	GlobalSection(ProjectConfigurationPlatforms) = postSolution
		{BD088E72-9895-4C13-80D3-4BE59F0815EE}.Debug|Any CPU.ActiveCfg = Debug|Any CPU
		{BD088E72-9895-4C13-80D3-4BE59F0815EE}.Debug|Any CPU.Build.0 = Debug|Any CPU
		{BD088E72-9895-4C13-80D3-4BE59F0815EE}.Release|Any CPU.ActiveCfg = Release|Any CPU
		{BD088E72-9895-4C13-80D3-4BE59F0815EE}.Release|Any CPU.Build.0 = Release|Any CPU
	EndGlobalSection
	GlobalSection(SolutionProperties) = preSolution
		HideSolutionNode = FALSE
	EndGlobalSection
	GlobalSection(ExtensibilityGlobals) = postSolution
		SolutionGuid = {ECE09118-BC28-4986-BFD2-7390F2AC37D7}
	EndGlobalSection
EndGlobal
